{
  "nodes": {
    "bufdelete-nvim": {
      "flake": false,
      "locked": {
        "lastModified": 1653205505,
        "narHash": "sha256-HA51CIGFeB1oiAXnx25u0uBnnGKugBmbsFR0v9VK1fw=",
        "owner": "famiu",
        "repo": "bufdelete.nvim",
        "rev": "46255e4a76c4fb450a94885527f5e58a7d96983c",
        "type": "github"
      },
      "original": {
        "owner": "famiu",
        "repo": "bufdelete.nvim",
        "type": "github"
      }
    },
    "cmp-buffer": {
      "flake": false,
      "locked": {
        "lastModified": 1660101488,
        "narHash": "sha256-dG4U7MtnXThoa/PD+qFtCt76MQ14V1wX8GMYcvxEnbM=",
        "owner": "hrsh7th",
        "repo": "cmp-buffer",
        "rev": "3022dbc9166796b644a841a02de8dd1cc1d311fa",
        "type": "github"
      },
      "original": {
        "owner": "hrsh7th",
        "repo": "cmp-buffer",
        "type": "github"
      }
    },
    "cmp-nvim-lsp": {
      "flake": false,
      "locked": {
        "lastModified": 1652705110,
        "narHash": "sha256-19Ka4EQhqo//IMjJ/DnXiHsevVWFy2M90oSjmBFfCO0=",
        "owner": "hrsh7th",
        "repo": "cmp-nvim-lsp",
        "rev": "affe808a5c56b71630f17aa7c38e15c59fd648a8",
        "type": "github"
      },
      "original": {
        "owner": "hrsh7th",
        "repo": "cmp-nvim-lsp",
        "type": "github"
      }
    },
    "cmp-path": {
      "flake": false,
      "locked": {
        "lastModified": 1658844613,
        "narHash": "sha256-G/I2SH4Uidr25/4fjrtcK3VfxWwD9MSN+ODcB6zjvVo=",
        "owner": "hrsh7th",
        "repo": "cmp-path",
        "rev": "447c87cdd6e6d6a1d2488b1d43108bfa217f56e1",
        "type": "github"
      },
      "original": {
        "owner": "hrsh7th",
        "repo": "cmp-path",
        "type": "github"
      }
    },
    "cmp-treesitter": {
      "flake": false,
      "locked": {
        "lastModified": 1654770534,
        "narHash": "sha256-k2/NCdyvMmeDFDnEmjTYywfvDqsowGU93sQuj69pJqs=",
        "owner": "ray-x",
        "repo": "cmp-treesitter",
        "rev": "c2886bbb09ef6daf996a258db29546cc1e7c12a7",
        "type": "github"
      },
      "original": {
        "owner": "ray-x",
        "repo": "cmp-treesitter",
        "type": "github"
      }
    },
    "cmp-vsnip": {
      "flake": false,
      "locked": {
        "lastModified": 1636543683,
        "narHash": "sha256-7K3shsiGK7ISFXj9D9MPK7yRqIxeCrbj1IsggToWHO4=",
        "owner": "hrsh7th",
        "repo": "cmp-vsnip",
        "rev": "0abfa1860f5e095a07c477da940cfcb0d273b700",
        "type": "github"
      },
      "original": {
        "owner": "hrsh7th",
        "repo": "cmp-vsnip",
        "type": "github"
      }
    },
    "crates-nvim": {
      "flake": false,
      "locked": {
        "lastModified": 1662196944,
        "narHash": "sha256-WhgPxBcPoSfrH00itYtXhW80x1EO7tvOypGvoWDlDQI=",
        "owner": "Saecki",
        "repo": "crates.nvim",
        "rev": "d948713e38e1f71a917fc27f427a293a09851a40",
        "type": "github"
      },
      "original": {
        "owner": "Saecki",
        "repo": "crates.nvim",
        "type": "github"
      }
    },
    "fish-bobthefish-theme": {
      "flake": false,
      "locked": {
        "lastModified": 1640180970,
        "narHash": "sha256-9uuM5fwWl98uDrTHet4MdVpRZYLIQfW0HOfTxGb2o5o=",
        "owner": "gvolpe",
        "repo": "theme-bobthefish",
        "rev": "e4418e8a7de9fbd6b5053a9b9009aa84a48398cd",
        "type": "github"
      },
      "original": {
        "owner": "gvolpe",
        "repo": "theme-bobthefish",
        "type": "github"
      }
    },
    "fish-keytool-completions": {
      "flake": false,
      "locked": {
        "lastModified": 1638013450,
        "narHash": "sha256-eX9Pg9VcCnx8ofjJcItyf2AFBU90MUgqdpKb+Kv5ARU=",
        "owner": "ckipp01",
        "repo": "keytool-fish-completions",
        "rev": "dcb24bae7b8437e1e1210b00b7172841a26d6573",
        "type": "github"
      },
      "original": {
        "owner": "ckipp01",
        "repo": "keytool-fish-completions",
        "type": "github"
      }
    },
    "flake-utils": {
      "locked": {
        "lastModified": 1659877975,
        "narHash": "sha256-zllb8aq3YO3h8B/U0/J1WBgAL8EX5yWf5pMj3G0NAmc=",
        "owner": "numtide",
        "repo": "flake-utils",
        "rev": "c0e246b9b83f637f4681389ecabcb2681b4f3af0",
        "type": "github"
      },
      "original": {
        "id": "flake-utils",
        "type": "indirect"
      }
    },
    "flake-utils_2": {
      "locked": {
        "lastModified": 1614513358,
        "narHash": "sha256-LakhOx3S1dRjnh0b5Dg3mbZyH0ToC9I8Y2wKSkBaTzU=",
        "owner": "numtide",
        "repo": "flake-utils",
        "rev": "5466c5bbece17adaab2d82fae80b46e807611bf3",
        "type": "github"
      },
      "original": {
        "owner": "numtide",
        "repo": "flake-utils",
        "type": "github"
      }
    },
    "gh-md-toc": {
      "flake": false,
      "locked": {
        "lastModified": 1657987708,
        "narHash": "sha256-ZINIb9hNza6XOJeKAc5hvti8d+0f6GK7PZH3cGmGO9Y=",
        "owner": "ekalinin",
        "repo": "github-markdown-toc",
        "rev": "435768259cb60e5842f7cde0679d495b3c31dfbd",
        "type": "github"
      },
      "original": {
        "owner": "ekalinin",
        "repo": "github-markdown-toc",
        "type": "github"
      }
    },
    "gitsigns-nvim": {
      "flake": false,
      "locked": {
        "lastModified": 1662037601,
        "narHash": "sha256-kyiQoboYq4iNLOj1iKA2cfXQ9FFiRYdvf55bX5Xvj8A=",
        "owner": "lewis6991",
        "repo": "gitsigns.nvim",
        "rev": "d7e0bcbe45bd9d5d106a7b2e11dc15917d272c7a",
        "type": "github"
      },
      "original": {
        "owner": "lewis6991",
        "repo": "gitsigns.nvim",
        "type": "github"
      }
    },
    "glow-nvim": {
      "flake": false,
      "locked": {
        "lastModified": 1661296460,
        "narHash": "sha256-m74BOE32uWWUxbS6SDdwKJFeyva14BHwiNV4wMc5ZyY=",
        "owner": "ellisonleao",
        "repo": "glow.nvim",
        "rev": "8dca3583e44d54bcfd79cb8dc06ddb89128aa5e0",
        "type": "github"
      },
      "original": {
        "owner": "ellisonleao",
        "repo": "glow.nvim",
        "type": "github"
      }
    },
    "home-manager": {
      "inputs": {
        "nixpkgs": [
          "nixpkgs"
        ],
        "utils": "utils"
      },
      "locked": {
        "lastModified": 1662659484,
        "narHash": "sha256-+uanOaNQCOkwZhzdtLEce1L8IZcGhTgEw8mXKVLGVxQ=",
        "owner": "nix-community",
        "repo": "home-manager",
        "rev": "4cfc0a1e02c6374f66acdfd2ff8ae3e87c80c818",
        "type": "github"
      },
      "original": {
        "owner": "nix-community",
        "repo": "home-manager",
        "type": "github"
      }
    },
    "hop": {
      "flake": false,
      "locked": {
        "lastModified": 1659230065,
        "narHash": "sha256-rHoHSv5K/4Zb8friFtQGo562Avan2wmExm+SEztDF7k=",
        "owner": "phaazon",
        "repo": "hop.nvim",
        "rev": "2a1b686aad85a3c241f8cd8fd42eb09c7de5ed79",
        "type": "github"
      },
      "original": {
        "owner": "phaazon",
        "repo": "hop.nvim",
        "type": "github"
      }
    },
    "indent-blankline": {
      "flake": false,
      "locked": {
        "lastModified": 1662104776,
        "narHash": "sha256-d+G+tLdvD8OxENIRobAv0ATl4gGQdoz3RPuBrPA3PuU=",
        "owner": "lukas-reineke",
        "repo": "indent-blankline.nvim",
        "rev": "db7cbcb40cc00fc5d6074d7569fb37197705e7f6",
        "type": "github"
      },
      "original": {
        "owner": "lukas-reineke",
        "repo": "indent-blankline.nvim",
        "type": "github"
      }
    },
    "kommentary": {
      "flake": false,
      "locked": {
        "lastModified": 1653669469,
        "narHash": "sha256-YPIV/y4BPna2yqDGKxfjDnC6eZGMqOunYrTv1uLd/NE=",
        "owner": "b3nj5m1n",
        "repo": "kommentary",
        "rev": "533d768a140b248443da8346b88e88db704212ab",
        "type": "github"
      },
      "original": {
        "owner": "b3nj5m1n",
        "repo": "kommentary",
        "type": "github"
      }
    },
    "lsp-signature": {
      "flake": false,
      "locked": {
        "lastModified": 1660573480,
        "narHash": "sha256-wY5TH15J99QjPTuIQ13Xp1byNX5xlxKHVi/A3aiwHZ8=",
        "owner": "ray-x",
        "repo": "lsp_signature.nvim",
        "rev": "e65a63858771db3f086c8d904ff5f80705fd962b",
        "type": "github"
      },
      "original": {
        "owner": "ray-x",
        "repo": "lsp_signature.nvim",
        "type": "github"
      }
    },
    "lspkind": {
      "flake": false,
      "locked": {
        "lastModified": 1650298271,
        "narHash": "sha256-0103K5lnzWCyuT/qwiBUo5PJ7lUX7fo+zNeEnQClI7A=",
        "owner": "onsails",
        "repo": "lspkind-nvim",
        "rev": "57e5b5dfbe991151b07d272a06e365a77cc3d0e7",
        "type": "github"
      },
      "original": {
        "owner": "onsails",
        "repo": "lspkind-nvim",
        "type": "github"
      }
    },
    "lspsaga": {
      "flake": false,
      "locked": {
        "lastModified": 1660979813,
        "narHash": "sha256-z7ZEo/kqtH6NvwCK/wNoN1Q37+nDArqcvSjYo+wwmcA=",
        "owner": "tami5",
        "repo": "lspsaga.nvim",
        "rev": "9ec569a49aa7ff265764081acff9e5da839c13fe",
        "type": "github"
      },
      "original": {
        "owner": "tami5",
        "repo": "lspsaga.nvim",
        "type": "github"
      }
    },
    "lualine": {
      "flake": false,
      "locked": {
        "lastModified": 1661145215,
        "narHash": "sha256-e0lnaUcwaZVhQfQMXL1HnO9Ds+Qh8She9DtVfsdpEMg=",
        "owner": "hoob3rt",
        "repo": "lualine.nvim",
        "rev": "3cf45404d4ab5e3b5da283877f57b676cb78d41d",
        "type": "github"
      },
      "original": {
        "owner": "hoob3rt",
        "repo": "lualine.nvim",
        "type": "github"
      }
    },
    "neovim-flake": {
      "inputs": {
        "bufdelete-nvim": "bufdelete-nvim",
        "cmp-buffer": "cmp-buffer",
        "cmp-nvim-lsp": "cmp-nvim-lsp",
        "cmp-path": "cmp-path",
        "cmp-treesitter": "cmp-treesitter",
        "cmp-vsnip": "cmp-vsnip",
        "crates-nvim": "crates-nvim",
        "flake-utils": "flake-utils",
        "gitsigns-nvim": "gitsigns-nvim",
        "glow-nvim": "glow-nvim",
        "hop": "hop",
        "indent-blankline": "indent-blankline",
        "kommentary": "kommentary",
        "lsp-signature": "lsp-signature",
        "lspkind": "lspkind",
        "lspsaga": "lspsaga",
        "lualine": "lualine",
        "nightfox": "nightfox",
        "nixpkgs": "nixpkgs",
        "null-ls": "null-ls",
        "nvim-autopairs": "nvim-autopairs",
        "nvim-bufferline-lua": "nvim-bufferline-lua",
        "nvim-cmp": "nvim-cmp",
        "nvim-code-action-menu": "nvim-code-action-menu",
        "nvim-compe": "nvim-compe",
        "nvim-cursorline": "nvim-cursorline",
        "nvim-lightbulb": "nvim-lightbulb",
        "nvim-lspconfig": "nvim-lspconfig",
        "nvim-metals": "nvim-metals",
        "nvim-neoclip": "nvim-neoclip",
        "nvim-tree-lua": "nvim-tree-lua",
        "nvim-treesitter": "nvim-treesitter",
        "nvim-treesitter-context": "nvim-treesitter-context",
        "nvim-ts-autotag": "nvim-ts-autotag",
        "nvim-web-devicons": "nvim-web-devicons",
        "onedark": "onedark",
        "plenary-nvim": "plenary-nvim",
        "registers": "registers",
        "rust-tools": "rust-tools",
        "sqls-nvim": "sqls-nvim",
        "telescope": "telescope",
        "todo-comments": "todo-comments",
        "tokyonight": "tokyonight",
        "trouble": "trouble",
        "vim-scala": "vim-scala",
        "vim-vsnip": "vim-vsnip",
        "which-key": "which-key"
      },
      "locked": {
        "lastModified": 1662449955,
        "narHash": "sha256-atWOE1Ms47ASfMVukR6oKeNhT0LGi4dsneFU4/X9qsk=",
        "owner": "gvolpe",
        "repo": "neovim-flake",
        "rev": "e8d12f3292960d8990cf18a03ab4d82bf24cc6e3",
        "type": "github"
      },
      "original": {
        "owner": "gvolpe",
        "repo": "neovim-flake",
        "type": "github"
      }
    },
    "nightfox": {
      "flake": false,
      "locked": {
        "lastModified": 1660067083,
        "narHash": "sha256-ShKC8fa12ArmAjaHIbRsFdDX+e4aXAQgGjizNWo+ooI=",
        "owner": "EdenEast",
        "repo": "nightfox.nvim",
        "rev": "e2f961859cbfb2ba38147dc59fdd2314992c8b62",
        "type": "github"
      },
      "original": {
        "owner": "EdenEast",
        "repo": "nightfox.nvim",
        "type": "github"
      }
    },
    "nixpkgs": {
      "locked": {
        "lastModified": 1662096612,
        "narHash": "sha256-R+Q8l5JuyJryRPdiIaYpO5O3A55rT+/pItBrKcy7LM4=",
        "owner": "nixos",
        "repo": "nixpkgs",
        "rev": "21de2b973f9fee595a7a1ac4693efff791245c34",
        "type": "github"
      },
      "original": {
        "owner": "nixos",
        "ref": "nixpkgs-unstable",
        "repo": "nixpkgs",
        "type": "github"
      }
    },
    "nixpkgs_2": {
      "locked": {
        "lastModified": 1662019588,
        "narHash": "sha256-oPEjHKGGVbBXqwwL+UjsveJzghWiWV0n9ogo1X6l4cw=",
        "owner": "NixOS",
        "repo": "nixpkgs",
        "rev": "2da64a81275b68fdad38af669afeda43d401e94b",
        "type": "github"
      },
      "original": {
        "id": "nixpkgs",
        "ref": "nixos-unstable",
        "type": "indirect"
      }
    },
    "null-ls": {
      "flake": false,
      "locked": {
        "lastModified": 1662148765,
        "narHash": "sha256-Jkfa6c33w+igj4zBJqtazby/R0cQN7dToRq59m+dlxo=",
        "owner": "jose-elias-alvarez",
        "repo": "null-ls.nvim",
        "rev": "7cd491b7458a5dd23a6fa3abb6c94341be546f7b",
        "type": "github"
      },
      "original": {
        "owner": "jose-elias-alvarez",
        "repo": "null-ls.nvim",
        "type": "github"
      }
    },
    "nurpkgs": {
      "locked": {
        "lastModified": 1662277218,
        "narHash": "sha256-FmEtmY8AbGacd4VB18+oztNFYPx3SPxdU2wFt4uilsI=",
        "owner": "nix-community",
        "repo": "NUR",
        "rev": "1af338896096147c9cd9323c39c2f643dedabdee",
        "type": "github"
      },
      "original": {
        "owner": "nix-community",
        "repo": "NUR",
        "type": "github"
      }
    },
    "nvim-autopairs": {
      "flake": false,
      "locked": {
        "lastModified": 1660874195,
        "narHash": "sha256-hWj6kIr2QfFhgXPjORTQg5grC75sUmaZ/DAeU1et/YY=",
        "owner": "windwp",
        "repo": "nvim-autopairs",
        "rev": "0a18e10a0c3fde190437567e40557dcdbbc89ea1",
        "type": "github"
      },
      "original": {
        "owner": "windwp",
        "repo": "nvim-autopairs",
        "type": "github"
      }
    },
    "nvim-bufferline-lua": {
      "flake": false,
      "locked": {
        "lastModified": 1650105928,
        "narHash": "sha256-RhAaRFGDoHZAr8SLgbtLtuQ2J9z5hbvMH14FDhHOLXU=",
        "owner": "akinsho",
        "repo": "nvim-bufferline.lua",
        "rev": "0a83c615a8ab49718d9b4cdc60127003307829b2",
        "type": "github"
      },
      "original": {
        "owner": "akinsho",
        "ref": "v1.2.0",
        "repo": "nvim-bufferline.lua",
        "type": "github"
      }
    },
    "nvim-cmp": {
      "flake": false,
      "locked": {
        "lastModified": 1662085773,
        "narHash": "sha256-dOuedHmd8YIBuY6S+RV6dby39lhX7TH0XUk7de+rWa4=",
        "owner": "hrsh7th",
        "repo": "nvim-cmp",
        "rev": "33fbb2c3d2c512bd79ea03cf11fea405cbe618a9",
        "type": "github"
      },
      "original": {
        "owner": "hrsh7th",
        "repo": "nvim-cmp",
        "type": "github"
      }
    },
    "nvim-code-action-menu": {
      "flake": false,
      "locked": {
        "lastModified": 1653835393,
        "narHash": "sha256-nG6lasCs7VeJfj5eV/oH9OfJbSaEaAOOM98R72xudCY=",
        "owner": "weilbith",
        "repo": "nvim-code-action-menu",
        "rev": "ee599409ed6ab31f6d7115e9c5c4550336470c14",
        "type": "github"
      },
      "original": {
        "owner": "weilbith",
        "repo": "nvim-code-action-menu",
        "type": "github"
      }
    },
    "nvim-compe": {
      "flake": false,
      "locked": {
        "lastModified": 1633188506,
        "narHash": "sha256-Y2oqvsuAKM3qjmmtJVD9z34682eCRF25kPL+rxhhg7I=",
        "owner": "hrsh7th",
        "repo": "nvim-compe",
        "rev": "d186d739c54823e0b010feb205c6f97792322c08",
        "type": "github"
      },
      "original": {
        "owner": "hrsh7th",
        "repo": "nvim-compe",
        "type": "github"
      }
    },
    "nvim-cursorline": {
      "flake": false,
      "locked": {
        "lastModified": 1650034925,
        "narHash": "sha256-Uhw65p1KBjs8KsVOmTzuiu3XKclxBob8AVdWEt30C/8=",
        "owner": "yamatsum",
        "repo": "nvim-cursorline",
        "rev": "804f0023692653b2b2368462d67d2a87056947f9",
        "type": "github"
      },
      "original": {
        "owner": "yamatsum",
        "repo": "nvim-cursorline",
        "type": "github"
      }
    },
    "nvim-lightbulb": {
      "flake": false,
      "locked": {
        "lastModified": 1661474119,
        "narHash": "sha256-nw6H/dS4dHdrobnrfJVa8urWrMnbTWrA5bQJy9xbKXY=",
        "owner": "kosayoda",
        "repo": "nvim-lightbulb",
        "rev": "56b9ce31ec9d09d560fe8787c0920f76bc208297",
        "type": "github"
      },
      "original": {
        "owner": "kosayoda",
        "repo": "nvim-lightbulb",
        "type": "github"
      }
    },
    "nvim-lspconfig": {
      "flake": false,
      "locked": {
        "lastModified": 1649985901,
        "narHash": "sha256-qU9D2bGRS6gDIxY8pgjwTVEwDTa8GXHUUQkXk9pBK/U=",
        "owner": "neovim",
        "repo": "nvim-lspconfig",
        "rev": "99596a8cabb050c6eab2c049e9acde48f42aafa4",
        "type": "github"
      },
      "original": {
        "owner": "neovim",
        "ref": "v0.1.3",
        "repo": "nvim-lspconfig",
        "type": "github"
      }
    },
    "nvim-metals": {
      "flake": false,
      "locked": {
        "lastModified": 1662392181,
        "narHash": "sha256-QE64a0sVf0NA2YpU4toQKpocOwqcgllqAiaRuZCoXg4=",
        "owner": "scalameta",
        "repo": "nvim-metals",
        "rev": "b7587a9155d22761f1b28c18f7927e6df0d08387",
        "type": "github"
      },
      "original": {
        "owner": "scalameta",
        "repo": "nvim-metals",
        "type": "github"
      }
    },
    "nvim-neoclip": {
      "flake": false,
      "locked": {
        "lastModified": 1658679907,
        "narHash": "sha256-rwkAoiVd+FyJabHqoqz9TdeFyjlv1FDX4SSTuwIcCdY=",
        "owner": "AckslD",
        "repo": "nvim-neoclip.lua",
        "rev": "74af02e289b3ea465bc8a4d7b9b83adc4e4b8c06",
        "type": "github"
      },
      "original": {
        "owner": "AckslD",
        "repo": "nvim-neoclip.lua",
        "type": "github"
      }
    },
    "nvim-tree-lua": {
      "flake": false,
      "locked": {
        "lastModified": 1662258236,
        "narHash": "sha256-xM3hyC8OoC/EtChh64b/jpGW4TAhYMmt5/98hAHXS6Q=",
        "owner": "kyazdani42",
        "repo": "nvim-tree.lua",
        "rev": "951e10a64e0b03069f0f50ddc79d6a8ed8d23dec",
        "type": "github"
      },
      "original": {
        "owner": "kyazdani42",
        "repo": "nvim-tree.lua",
        "type": "github"
      }
    },
    "nvim-treesitter": {
      "flake": false,
      "locked": {
        "lastModified": 1662282571,
        "narHash": "sha256-+CO+5YC8V+s10kuXu64DTiOHivWLZ70xmp6bQhGOXOg=",
        "owner": "nvim-treesitter",
        "repo": "nvim-treesitter",
        "rev": "1506334ebeeae860f4304541bfc2dc20e7b6613a",
        "type": "github"
      },
      "original": {
        "owner": "nvim-treesitter",
        "repo": "nvim-treesitter",
        "type": "github"
      }
    },
    "nvim-treesitter-context": {
      "flake": false,
      "locked": {
        "lastModified": 1652175020,
        "narHash": "sha256-dYw/Y6+Eni7gTSjvCCl7E6ho8xSTxDYAwH3xGEhf54Q=",
        "owner": "lewis6991",
        "repo": "nvim-treesitter-context",
        "rev": "c931a3136a696c1827eda78ac678aea542115bd0",
        "type": "github"
      },
      "original": {
        "owner": "lewis6991",
        "repo": "nvim-treesitter-context",
        "type": "github"
      }
    },
    "nvim-ts-autotag": {
      "flake": false,
      "locked": {
        "lastModified": 1660219579,
        "narHash": "sha256-ltGiYNXWpWSI5RrWTVR+k6SZjcZbsHtH5m9uHTMKnzM=",
        "owner": "windwp",
        "repo": "nvim-ts-autotag",
        "rev": "fdefe46c6807441460f11f11a167a2baf8e4534b",
        "type": "github"
      },
      "original": {
        "owner": "windwp",
        "repo": "nvim-ts-autotag",
        "type": "github"
      }
    },
    "nvim-web-devicons": {
      "flake": false,
      "locked": {
        "lastModified": 1657021684,
        "narHash": "sha256-+t6EVhQ7iC9BZOtVeQwrzkmpmUtc/WWBcUohoX4/+Tg=",
        "owner": "kyazdani42",
        "repo": "nvim-web-devicons",
        "rev": "2d02a56189e2bde11edd4712fea16f08a6656944",
        "type": "github"
      },
      "original": {
        "owner": "kyazdani42",
        "repo": "nvim-web-devicons",
        "type": "github"
      }
    },
    "onedark": {
      "flake": false,
      "locked": {
        "lastModified": 1660938959,
        "narHash": "sha256-Rx2rKIKZRfKAf1xFbSAKqM4Kx4YhKO+B79FJURjNkF0=",
        "owner": "navarasu",
        "repo": "onedark.nvim",
        "rev": "551f299d9ab2fd557247aa1995b2831a1237e4ae",
        "type": "github"
      },
      "original": {
        "owner": "navarasu",
        "repo": "onedark.nvim",
        "type": "github"
      }
    },
    "plenary-nvim": {
      "flake": false,
      "locked": {
        "lastModified": 1662196864,
        "narHash": "sha256-qIfsQScKdwrVXUYry+RDjoMoKLuhlsw1GHOVoeOphfo=",
        "owner": "nvim-lua",
        "repo": "plenary.nvim",
        "rev": "4b66054e75356ac0b909bbfee9c682e703f535c2",
        "type": "github"
      },
      "original": {
        "owner": "nvim-lua",
        "repo": "plenary.nvim",
        "type": "github"
      }
    },
    "registers": {
      "flake": false,
      "locked": {
        "lastModified": 1660632852,
        "narHash": "sha256-CRrmMrPcj5T3nHM/LLdjc05z5/fAhxgZU5TFmFGvRCo=",
        "owner": "tversteeg",
        "repo": "registers.nvim",
        "rev": "23f9efc71cc7aa42a44df8a2f20f6812f6c54abf",
        "type": "github"
      },
      "original": {
        "owner": "tversteeg",
        "repo": "registers.nvim",
        "type": "github"
      }
    },
    "root": {
      "inputs": {
        "fish-bobthefish-theme": "fish-bobthefish-theme",
        "fish-keytool-completions": "fish-keytool-completions",
        "gh-md-toc": "gh-md-toc",
        "home-manager": "home-manager",
        "neovim-flake": "neovim-flake",
        "nixpkgs": "nixpkgs_2",
        "nurpkgs": "nurpkgs",
        "tex2nix": "tex2nix"
      }
    },
    "rust-tools": {
      "flake": false,
      "locked": {
        "lastModified": 1662154544,
        "narHash": "sha256-zR+6LMgHxzqWuPYuTT5U4HKW+lbgOZ2Zw6LzArRpQ5g=",
        "owner": "simrat39",
        "repo": "rust-tools.nvim",
        "rev": "86a2b4e31f504c00715d0dd082a6b8b5d4afbf03",
        "type": "github"
      },
      "original": {
        "owner": "simrat39",
        "repo": "rust-tools.nvim",
        "type": "github"
      }
    },
    "sqls-nvim": {
      "flake": false,
      "locked": {
        "lastModified": 1657291129,
        "narHash": "sha256-tatUEAI8EVXDYQPAAZ5+38YOPWb8Ei9VHCzHp+AyRjc=",
        "owner": "nanotee",
        "repo": "sqls.nvim",
        "rev": "a0048b7018c99b68456f91b4aa42ce288f0c0774",
        "type": "github"
      },
      "original": {
        "owner": "nanotee",
        "repo": "sqls.nvim",
        "type": "github"
      }
    },
    "telescope": {
      "flake": false,
      "locked": {
        "lastModified": 1662196946,
        "narHash": "sha256-225jqH0sUG++gKejRO2Jkl+6cN061foMFRAoOCn2sy8=",
        "owner": "nvim-telescope",
        "repo": "telescope.nvim",
        "rev": "49b043e2a3e63cdd50bcde752e3b32dae22d8a3a",
        "type": "github"
      },
      "original": {
        "owner": "nvim-telescope",
        "repo": "telescope.nvim",
        "type": "github"
      }
    },
    "tex2nix": {
      "inputs": {
        "flake-utils": "flake-utils_2",
        "nixpkgs": [
          "nixpkgs"
        ]
      },
      "locked": {
        "lastModified": 1646670117,
        "narHash": "sha256-fU6gLOP2xm6lTRKfMKeXAm7rEhYAVR4RcRFK1zh/QTM=",
        "owner": "Mic92",
        "repo": "tex2nix",
        "rev": "74159694f0c27ffa3f9172c6d691635568fbece4",
        "type": "github"
      },
      "original": {
        "owner": "Mic92",
        "repo": "tex2nix",
        "type": "github"
      }
    },
    "todo-comments": {
      "flake": false,
      "locked": {
        "lastModified": 1662207600,
        "narHash": "sha256-2QS529N+wl7ChbXhhaGprRI4w473FkkWsc9yyKD1zaA=",
        "owner": "folke",
        "repo": "todo-comments.nvim",
        "rev": "fb6f16b89e475676d45bf6b39077fb752521e6f1",
        "type": "github"
      },
      "original": {
        "owner": "folke",
        "repo": "todo-comments.nvim",
        "type": "github"
      }
    },
    "tokyonight": {
      "flake": false,
      "locked": {
        "lastModified": 1662241671,
        "narHash": "sha256-qUbhHFUq8PSAO1Ntry1yd2Kb2x5WI6wmgjDvAZNjpiU=",
        "owner": "folke",
        "repo": "tokyonight.nvim",
        "rev": "e1cb2068a8118bcf4b2b0ad81b87dbebcc3eee3b",
        "type": "github"
      },
      "original": {
        "owner": "folke",
        "repo": "tokyonight.nvim",
        "type": "github"
      }
    },
    "trouble": {
      "flake": false,
      "locked": {
        "lastModified": 1662306215,
        "narHash": "sha256-45U+gHETSZuqEJ5hrgJSkRRUQFWBCDRo5SYXDcb83ck=",
        "owner": "folke",
        "repo": "trouble.nvim",
        "rev": "68d3dc52fe49375fe556af69d1e91e0a88b67935",
        "type": "github"
      },
      "original": {
        "owner": "folke",
        "repo": "trouble.nvim",
        "type": "github"
      }
    },
    "utils": {
      "locked": {
        "lastModified": 1653893745,
        "narHash": "sha256-0jntwV3Z8//YwuOjzhV2sgJJPt+HY6KhU7VZUL0fKZQ=",
        "owner": "numtide",
        "repo": "flake-utils",
        "rev": "1ed9fb1935d260de5fe1c2f7ee0ebaae17ed2fa1",
        "type": "github"
      },
      "original": {
        "owner": "numtide",
        "repo": "flake-utils",
        "type": "github"
      }
    },
    "vim-scala": {
      "flake": false,
      "locked": {
        "lastModified": 1641291049,
        "narHash": "sha256-lUj+6DGyCvWyu/fIz15saQoIWkG/w6HAmjCG7VmVOvk=",
        "owner": "gvolpe",
        "repo": "vim-scala",
        "rev": "7379894b48df6b677788a75b8f04632e717102a8",
        "type": "github"
      },
      "original": {
        "owner": "gvolpe",
        "repo": "vim-scala",
        "type": "github"
      }
    },
    "vim-vsnip": {
      "flake": false,
      "locked": {
        "lastModified": 1650631622,
        "narHash": "sha256-USltEc6QGHwMqx7E9wo9qZmq+pm9FLj0CUcKoE7KPLU=",
        "owner": "hrsh7th",
        "repo": "vim-vsnip",
        "rev": "8f199ef690ed26dcbb8973d9a6760d1332449ac9",
        "type": "github"
      },
      "original": {
        "owner": "hrsh7th",
        "repo": "vim-vsnip",
        "type": "github"
      }
    },
    "which-key": {
      "flake": false,
      "locked": {
        "lastModified": 1662282679,
        "narHash": "sha256-NoiVsW29Jcg/5Xz7/qo/450d8vSizQDMy55cJIudLcI=",
        "owner": "folke",
        "repo": "which-key.nvim",
        "rev": "f11260251ad942ba1635db9bc25c2efaf75caf0a",
        "type": "github"
      },
      "original": {
        "owner": "folke",
        "repo": "which-key.nvim",
        "type": "github"
      }
    }
  },
  "root": "root",
  "version": 7
}
