{
  "nodes": {
    "flake-utils": {
      "locked": {
        "lastModified": 1614513358,
        "narHash": "sha256-LakhOx3S1dRjnh0b5Dg3mbZyH0ToC9I8Y2wKSkBaTzU=",
        "owner": "numtide",
        "repo": "flake-utils",
        "rev": "5466c5bbece17adaab2d82fae80b46e807611bf3",
        "type": "github"
      },
      "original": {
        "owner": "numtide",
        "repo": "flake-utils",
        "type": "github"
      }
    },
    "home-manager": {
      "inputs": {
        "nixpkgs": [
          "nixpkgs"
        ]
      },
      "locked": {
        "lastModified": 1653340164,
        "narHash": "sha256-t6BPApyasx6FOv2cEVyFBXvkEDrknyUe7bngMbNSBkA=",
        "owner": "nix-community",
        "repo": "home-manager",
        "rev": "e66f0ff69a6c0698b35034b842c4b68814440778",
        "type": "github"
      },
      "original": {
        "owner": "nix-community",
        "repo": "home-manager",
        "type": "github"
      }
    },
    "nixpkgs": {
      "locked": {
        "lastModified": 1653060744,
        "narHash": "sha256-kfRusllRumpt33J1hPV+CeCCylCXEU7e0gn2/cIM7cY=",
        "owner": "NixOS",
        "repo": "nixpkgs",
        "rev": "dfd82985c273aac6eced03625f454b334daae2e8",
        "type": "github"
      },
      "original": {
        "id": "nixpkgs",
        "ref": "nixos-unstable",
        "type": "indirect"
      }
    },
    "nixpkgs_2": {
      "locked": {
        "lastModified": 1614934292,
        "narHash": "sha256-TyKuSbTiUZcfrCx3G7ipLb2GzTGc/bf5qYPu8gGdkwI=",
        "owner": "NixOS",
        "repo": "nixpkgs",
        "rev": "1d73b07d8746ed62cce744d8ed6a99a7398ec276",
        "type": "github"
      },
      "original": {
        "owner": "NixOS",
        "repo": "nixpkgs",
        "type": "github"
      }
    },
    "nurpkgs": {
      "locked": {
        "lastModified": 1653460497,
        "narHash": "sha256-JRT3Z+iTJkOhLwx7mtTgRoPBsPRD2WgoEntFomfg058=",
        "owner": "nix-community",
        "repo": "NUR",
        "rev": "6744526df79da68164891c263b81d016934fcdfa",
        "type": "github"
      },
      "original": {
        "owner": "nix-community",
        "repo": "NUR",
        "type": "github"
      }
    },
    "root": {
      "inputs": {
        "home-manager": "home-manager",
        "nixpkgs": "nixpkgs",
        "nurpkgs": "nurpkgs",
        "tex2nix": "tex2nix"
      }
    },
    "tex2nix": {
      "inputs": {
        "flake-utils": "flake-utils",
        "nixpkgs": "nixpkgs_2"
      },
      "locked": {
        "lastModified": 1614938171,
        "narHash": "sha256-TEc2t6hYdI8yofbt/+PYnyxBYOI/yRbsaCusvS3+QpY=",
        "owner": "Mic92",
        "repo": "tex2nix",
        "rev": "4b17bc0cf8f3413f25ab1740a3b39be7156e0f3d",
        "type": "github"
      },
      "original": {
        "owner": "Mic92",
        "ref": "4b17bc0",
        "repo": "tex2nix",
        "type": "github"
      }
    }
  },
  "root": "root",
  "version": 7
}
