{
  "nodes": {
    "flake-utils": {
      "locked": {
        "lastModified": 1614513358,
        "narHash": "sha256-LakhOx3S1dRjnh0b5Dg3mbZyH0ToC9I8Y2wKSkBaTzU=",
        "owner": "numtide",
        "repo": "flake-utils",
        "rev": "5466c5bbece17adaab2d82fae80b46e807611bf3",
        "type": "github"
      },
      "original": {
        "owner": "numtide",
        "repo": "flake-utils",
        "type": "github"
      }
    },
    "home-manager": {
      "inputs": {
        "nixpkgs": [
          "nixpkgs"
        ]
      },
      "locked": {
        "lastModified": 1641459437,
        "narHash": "sha256-z0IOcc6LLbVhyri/aTyWzRqJs3p1pBK9idOiMwCWiqs=",
        "owner": "nix-community",
        "repo": "home-manager",
        "rev": "c751aeb19e84a0a777f36fd5ea73482a066bb406",
        "type": "github"
      },
      "original": {
        "owner": "nix-community",
        "repo": "home-manager",
        "type": "github"
      }
    },
    "nixpkgs": {
      "locked": {
        "lastModified": 1641230035,
        "narHash": "sha256-hFyqihERaTbLxCOlugy/rpp22VLtLh8SPRnA2uu3F/8=",
        "owner": "NixOS",
        "repo": "nixpkgs",
        "rev": "78cd22c1b8604de423546cd49bfe264b786eca13",
        "type": "github"
      },
      "original": {
        "id": "nixpkgs",
        "ref": "nixos-unstable",
        "type": "indirect"
      }
    },
    "nixpkgs_2": {
      "locked": {
        "lastModified": 1614934292,
        "narHash": "sha256-TyKuSbTiUZcfrCx3G7ipLb2GzTGc/bf5qYPu8gGdkwI=",
        "owner": "NixOS",
        "repo": "nixpkgs",
        "rev": "1d73b07d8746ed62cce744d8ed6a99a7398ec276",
        "type": "github"
      },
      "original": {
        "owner": "NixOS",
        "repo": "nixpkgs",
        "type": "github"
      }
    },
    "nurpkgs": {
      "locked": {
        "lastModified": 1641459998,
        "narHash": "sha256-irk2awKcEyXNsjTMEgK4RTEnNFXhJkkyApxTsiod8EU=",
        "owner": "nix-community",
        "repo": "NUR",
        "rev": "d325bf2bda6a65b5c0c914d4a8bcd4590f2df803",
        "type": "github"
      },
      "original": {
        "owner": "nix-community",
        "repo": "NUR",
        "type": "github"
      }
    },
    "root": {
      "inputs": {
        "home-manager": "home-manager",
        "nixpkgs": "nixpkgs",
        "nurpkgs": "nurpkgs",
        "tex2nix": "tex2nix"
      }
    },
    "tex2nix": {
      "inputs": {
        "flake-utils": "flake-utils",
        "nixpkgs": "nixpkgs_2"
      },
      "locked": {
        "lastModified": 1614938171,
        "narHash": "sha256-TEc2t6hYdI8yofbt/+PYnyxBYOI/yRbsaCusvS3+QpY=",
        "owner": "Mic92",
        "repo": "tex2nix",
        "rev": "4b17bc0cf8f3413f25ab1740a3b39be7156e0f3d",
        "type": "github"
      },
      "original": {
        "owner": "Mic92",
        "ref": "4b17bc0",
        "repo": "tex2nix",
        "type": "github"
      }
    }
  },
  "root": "root",
  "version": 7
}
